# This file is automatically @generated by Cargo.
# It is not intended for manual editing.
version = 3

[[package]]
name = "scene_8"
version = "0.1.0"
dependencies = [
 "scene_id",
 "scene_template",
]

[[package]]
name = "scene_id"
version = "0.1.0"

[[package]]
name = "scene_template"
version = "0.1.0"
dependencies = [
 "scene_id",
]
